
Microsoft Visual Studio Solution File, Format Version 12.00
# Visual Studio Version 17
VisualStudioVersion = 17.14.36414.22 d17.14
MinimumVisualStudioVersion = 10.0.40219.1
Project("{FAE04EC0-301F-11D3-BF4B-00C04F79EFBC}") = "EzhikLoader.Admin", "EzhikLoader.Admin.csproj", "{8107300E-C8BD-402C-A00B-569588AB4CB8}"
EndProject
Global
	GlobalSection(SolutionConfigurationPlatforms) = preSolution
		Debug|Any CPU = Debug|Any CPU
		Release|Any CPU = Release|Any CPU
	EndGlobalSection
	GlobalSection(ProjectConfigurationPlatforms) = postSolution
		{8107300E-C8BD-402C-A00B-569588AB4CB8}.Debug|Any CPU.ActiveCfg = Debug|Any CPU
		{8107300E-C8BD-402C-A00B-569588AB4CB8}.Debug|Any CPU.Build.0 = Debug|Any CPU
		{8107300E-C8BD-402C-A00B-569588AB4CB8}.Release|Any CPU.ActiveCfg = Release|Any CPU
		{8107300E-C8BD-402C-A00B-569588AB4CB8}.Release|Any CPU.Build.0 = Release|Any CPU
	EndGlobalSection
	GlobalSection(SolutionProperties) = preSolution
		HideSolutionNode = FALSE
	EndGlobalSection
	GlobalSection(ExtensibilityGlobals) = postSolution
		SolutionGuid = {61A240A0-E75E-4DD6-834B-56A264F3C935}
	EndGlobalSection
EndGlobal
